<Solution>
  <Configurations>
    <Platform Name="Any CPU" />
    <Platform Name="x64" />
    <Platform Name="x86" />
  </Configurations>
  <Folder Name="/src/">
    <Project Path="src/Routable.Kestrel/Routable.Kestrel.csproj" />
    <Project Path="src/Routable.Views.Simple/Routable.Views.Simple.csproj" />
    <Project Path="src/Routable/Routable.csproj" />
  </Folder>
</Solution>
